
Microsoft Visual Studio Solution File, Format Version 12.00
# Visual Studio Version 16
VisualStudioVersion = 16.0.810.6
MinimumVisualStudioVersion = 10.0.40219.1
Project("{FAE04EC0-301F-11D3-BF4B-00C04F79EFBC}") = "MobileKit", "MobileKit.csproj", "{0FEBBDCF-C571-4D70-8627-39C203F9BF85}"
EndProject
Global
	GlobalSection(SolutionConfigurationPlatforms) = preSolution
		Debug|Any CPU = Debug|Any CPU
		Release|Any CPU = Release|Any CPU
	EndGlobalSection
	GlobalSection(ProjectConfigurationPlatforms) = postSolution
		{0FEBBDCF-C571-4D70-8627-39C203F9BF85}.Debug|Any CPU.ActiveCfg = Debug|Any CPU
		{0FEBBDCF-C571-4D70-8627-39C203F9BF85}.Debug|Any CPU.Build.0 = Debug|Any CPU
		{0FEBBDCF-C571-4D70-8627-39C203F9BF85}.Release|Any CPU.ActiveCfg = Release|Any CPU
		{0FEBBDCF-C571-4D70-8627-39C203F9BF85}.Release|Any CPU.Build.0 = Release|Any CPU
	EndGlobalSection
	GlobalSection(SolutionProperties) = preSolution
		HideSolutionNode = FALSE
	EndGlobalSection
	GlobalSection(ExtensibilityGlobals) = postSolution
		SolutionGuid = {74239ED6-D113-42FA-A592-C894EE70B466}
	EndGlobalSection
EndGlobal
